
Microsoft Visual Studio Solution File, Format Version 12.00
# Visual Studio Version 16
VisualStudioVersion = 16.0.29911.84
MinimumVisualStudioVersion = 10.0.40219.1
Project("{8BC9CEB8-8B4A-11D0-8D11-00A0C91BC942}") = "project_1", "project_1.vcxproj", "{6104694D-B244-44EE-B4D2-A8BF6BF5DC6E}"
EndProject
Global
	GlobalSection(SolutionConfigurationPlatforms) = preSolution
		Debug|x64 = Debug|x64
		Debug|x86 = Debug|x86
		Release|x64 = Release|x64
		Release|x86 = Release|x86
	EndGlobalSection
	GlobalSection(ProjectConfigurationPlatforms) = postSolution
		{6104694D-B244-44EE-B4D2-A8BF6BF5DC6E}.Debug|x64.ActiveCfg = Debug|x64
		{6104694D-B244-44EE-B4D2-A8BF6BF5DC6E}.Debug|x64.Build.0 = Debug|x64
		{6104694D-B244-44EE-B4D2-A8BF6BF5DC6E}.Debug|x86.ActiveCfg = Debug|Win32
		{6104694D-B244-44EE-B4D2-A8BF6BF5DC6E}.Debug|x86.Build.0 = Debug|Win32
		{6104694D-B244-44EE-B4D2-A8BF6BF5DC6E}.Release|x64.ActiveCfg = Release|x64
		{6104694D-B244-44EE-B4D2-A8BF6BF5DC6E}.Release|x64.Build.0 = Release|x64
		{6104694D-B244-44EE-B4D2-A8BF6BF5DC6E}.Release|x86.ActiveCfg = Release|Win32
		{6104694D-B244-44EE-B4D2-A8BF6BF5DC6E}.Release|x86.Build.0 = Release|Win32
	EndGlobalSection
	GlobalSection(SolutionProperties) = preSolution
		HideSolutionNode = FALSE
	EndGlobalSection
	GlobalSection(ExtensibilityGlobals) = postSolution
		SolutionGuid = {7F1291BE-B23B-49E7-B2D3-CC44B26776FB}
	EndGlobalSection
EndGlobal
